{
  "version": 4,
  "terraform_version": "1.4.5",
  "serial": 521,
  "lineage": "af2eb971-a16d-4efe-f785-a30912b45025",
  "outputs": {},
  "resources": [
    {
      "mode": "data",
      "type": "template_file",
      "name": "inventory",
      "provider": "provider[\"registry.terraform.io/hashicorp/template\"]",
      "instances": [
        {
          "schema_version": 0,
          "attributes": {
            "filename": null,
            "id": "89c5807a818f617b7a238a5a2d934c581c7a9ac3c216173f16f315f07e266277",
            "rendered": "[webServer]\r\n\r\n\r\n\r\n[elastic]\r\n192.168.20.230\r\n\r\n[prometheus]\r\n192.168.20.240\r\n\r\n[bastion]\r\n62.84.127.76\r\n\r\n[grafana]\r\n192.168.10.32\r\n\r\n[kibana]\r\n192.168.10.27\r\n\r\n[proxy:children]\r\nwebServer\r\nelastic\r\nprometheus\r\ngrafana\r\nkibana\r\n\r\n[all:vars]\r\nansible_user = admin\r\nansible_ssh_private_key_file=./key/id_ed25519\r\n\r\n[proxy:vars]\r\nansible_ssh_common_args='-J bastion'",
            "template": "[${groupname_Web}]\r\n${ip_Web01}\r\n${ip_Web02}\r\n\r\n[${groupname_ELK}]\r\n${ip_ELK}\r\n\r\n[${groupname_Prometheus}]\r\n${ip_Prometheus}\r\n\r\n[${groupname_Bastion}]\r\n${ip_Bastion}\r\n\r\n[${groupname_Grafana}]\r\n${ip_Grafana}\r\n\r\n[${groupname_Kibana}]\r\n${ip_Kibana}\r\n\r\n[proxy:children]\r\n${groupname_Web}\r\n${groupname_ELK}\r\n${groupname_Prometheus}\r\n${groupname_Grafana}\r\n${groupname_Kibana}\r\n\r\n[all:vars]\r\nansible_user = ${user}\r\nansible_ssh_private_key_file=./key/id_ed25519\r\n\r\n[proxy:vars]\r\nansible_ssh_common_args='-J bastion'",
            "vars": {
              "groupname_Bastion": "bastion",
              "groupname_ELK": "elastic",
              "groupname_Grafana": "grafana",
              "groupname_Kibana": "kibana",
              "groupname_Prometheus": "prometheus",
              "groupname_Web": "webServer",
              "ip_Bastion": "62.84.127.76",
              "ip_ELK": "192.168.20.230",
              "ip_Grafana": "192.168.10.32",
              "ip_Kibana": "192.168.10.27",
              "ip_Prometheus": "192.168.20.240",
              "ip_Web01": "",
              "ip_Web02": "",
              "user": "admin"
            }
          },
          "sensitive_attributes": []
        }
      ]
    },
    {
      "mode": "data",
      "type": "yandex_compute_image",
      "name": "container-optimized-image",
      "provider": "provider[\"registry.terraform.io/yandex-cloud/yandex\"]",
      "instances": [
        {
          "schema_version": 0,
          "attributes": {
            "created_at": "2022-02-04T12:30:26Z",
            "description": "Container Optimized Image 2.3.10",
            "family": "container-optimized-image",
            "folder_id": "standard-images",
            "id": "fd80o2eikcn22b229tsa",
            "image_id": "fd80o2eikcn22b229tsa",
            "labels": {},
            "min_disk_size": 30,
            "name": "container-optimized-image-v20220204a",
            "os_type": "linux",
            "pooled": true,
            "product_ids": [
              "f2elf7186figj4p34at5"
            ],
            "size": 6,
            "status": "ready"
          },
          "sensitive_attributes": []
        }
      ]
    },
    {
      "mode": "managed",
      "type": "local_file",
      "name": "save_inventory",
      "provider": "provider[\"registry.terraform.io/hashicorp/local\"]",
      "instances": [
        {
          "schema_version": 0,
          "attributes": {
            "content": "[webServer]\r\n\r\n\r\n\r\n[elastic]\r\n192.168.20.230\r\n\r\n[prometheus]\r\n192.168.20.240\r\n\r\n[bastion]\r\n62.84.127.76\r\n\r\n[grafana]\r\n192.168.10.32\r\n\r\n[kibana]\r\n192.168.10.27\r\n\r\n[proxy:children]\r\nwebServer\r\nelastic\r\nprometheus\r\ngrafana\r\nkibana\r\n\r\n[all:vars]\r\nansible_user = admin\r\nansible_ssh_private_key_file=./key/id_ed25519\r\n\r\n[proxy:vars]\r\nansible_ssh_common_args='-J bastion'",
            "content_base64": null,
            "content_base64sha256": "icWAeoGPYXt6I4paLZNMWBx6msPCFhc/FvMV8H4mYnc=",
            "content_base64sha512": "trDhtcpmfw56jsXDj7ei9HzFWwysWI0/2dDj14UDHYj/53KuDgtdV4TFnl9s7GrI8IdHRxTePd7TEtF6JaU3RQ==",
            "content_md5": "f139e1f248ee6c809d94974ba51e4a76",
            "content_sha1": "4ad015f111b5467c568e735857e5994615a7c6d3",
            "content_sha256": "89c5807a818f617b7a238a5a2d934c581c7a9ac3c216173f16f315f07e266277",
            "content_sha512": "b6b0e1b5ca667f0e7a8ec5c38fb7a2f47cc55b0cac588d3fd9d0e3d785031d88ffe772ae0e0b5d5784c59e5f6cec6ac8f087474714de3dded312d17a25a53745",
            "directory_permission": "0777",
            "file_permission": "0777",
            "filename": "./inventory.ini",
            "id": "4ad015f111b5467c568e735857e5994615a7c6d3",
            "sensitive_content": null,
            "source": null
          },
          "sensitive_attributes": [],
          "dependencies": [
            "data.template_file.inventory",
            "data.yandex_compute_image.container-optimized-image",
            "yandex_compute_instance.grafana",
            "yandex_compute_instance.jump",
            "yandex_compute_instance.kibana",
            "yandex_vpc_network.network",
            "yandex_vpc_security_group.grafana-sg",
            "yandex_vpc_security_group.internal-bastion-sg",
            "yandex_vpc_security_group.kibana-sg",
            "yandex_vpc_security_group.secure-bastion-sg",
            "yandex_vpc_subnet.private-segment-a",
            "yandex_vpc_subnet.private-segment-b",
            "yandex_vpc_subnet.public-segment"
          ]
        }
      ]
    },
    {
      "mode": "managed",
      "type": "yandex_alb_backend_group",
      "name": "alb-bg",
      "provider": "provider[\"registry.terraform.io/yandex-cloud/yandex\"]",
      "instances": [
        {
          "schema_version": 0,
          "attributes": {
            "created_at": "2023-05-08T14:10:29Z",
            "description": "",
            "folder_id": "b1g1qf6244mkqteiq6br",
            "grpc_backend": [],
            "http_backend": [
              {
                "healthcheck": [
                  {
                    "grpc_healthcheck": [],
                    "healthcheck_port": 80,
                    "healthy_threshold": 0,
                    "http_healthcheck": [
                      {
                        "host": "",
                        "http2": false,
                        "path": "/"
                      }
                    ],
                    "interval": "2s",
                    "interval_jitter_percent": 0,
                    "stream_healthcheck": [],
                    "timeout": "10s",
                    "unhealthy_threshold": 0
                  }
                ],
                "http2": false,
                "load_balancing_config": [],
                "name": "backend-1",
                "port": 80,
                "storage_bucket": "",
                "target_group_ids": [
                  "ds7tljrdoldomcart452"
                ],
                "tls": [],
                "weight": 1
              }
            ],
            "id": "ds7qoucpna9i7pui2dlr",
            "labels": {},
            "name": "alb-bg",
            "session_affinity": [],
            "stream_backend": [],
            "timeouts": null
          },
          "sensitive_attributes": [],
          "private": "eyJlMmJmYjczMC1lY2FhLTExZTYtOGY4OC0zNDM2M2JjN2M0YzAiOnsiY3JlYXRlIjozMDAwMDAwMDAwMDAsImRlbGV0ZSI6MzAwMDAwMDAwMDAwLCJ1cGRhdGUiOjMwMDAwMDAwMDAwMH19",
          "dependencies": [
            "yandex_compute_image.lemp",
            "yandex_compute_instance_group.alb-vm-group",
            "yandex_vpc_network.network",
            "yandex_vpc_security_group.alb-sg",
            "yandex_vpc_security_group.alb-vm-sg",
            "yandex_vpc_security_group.internal-bastion-sg",
            "yandex_vpc_security_group.node-exporter-sg",
            "yandex_vpc_security_group.prometheus-sg",
            "yandex_vpc_subnet.private-segment-a",
            "yandex_vpc_subnet.private-segment-b",
            "yandex_vpc_subnet.public-segment"
          ]
        }
      ]
    },
    {
      "mode": "managed",
      "type": "yandex_alb_http_router",
      "name": "alb-router",
      "provider": "provider[\"registry.terraform.io/yandex-cloud/yandex\"]",
      "instances": [
        {
          "schema_version": 0,
          "attributes": {
            "created_at": "2023-05-08T13:56:21Z",
            "description": "",
            "folder_id": "b1g1qf6244mkqteiq6br",
            "id": "ds7ic4dvlmhmbogielsb",
            "labels": {},
            "name": "alb-router",
            "route_options": [],
            "timeouts": null
          },
          "sensitive_attributes": [],
          "private": "eyJlMmJmYjczMC1lY2FhLTExZTYtOGY4OC0zNDM2M2JjN2M0YzAiOnsiY3JlYXRlIjozMDAwMDAwMDAwMDAsImRlbGV0ZSI6MzAwMDAwMDAwMDAwLCJ1cGRhdGUiOjMwMDAwMDAwMDAwMH19"
        }
      ]
    },
    {
      "mode": "managed",
      "type": "yandex_alb_load_balancer",
      "name": "alb-1",
      "provider": "provider[\"registry.terraform.io/yandex-cloud/yandex\"]",
      "instances": [
        {
          "schema_version": 0,
          "attributes": {
            "allocation_policy": [
              {
                "location": [
                  {
                    "disable_traffic": false,
                    "subnet_id": "e9bhe2e6v8rtsmcct65j",
                    "zone_id": "ru-central1-a"
                  }
                ]
              }
            ],
            "created_at": "2023-05-08T14:09:17Z",
            "description": "",
            "folder_id": "b1g1qf6244mkqteiq6br",
            "id": "ds7kufjr308kktvrm91u",
            "labels": {},
            "listener": [
              {
                "endpoint": [
                  {
                    "address": [
                      {
                        "external_ipv4_address": [
                          {
                            "address": "158.160.102.50"
                          }
                        ],
                        "external_ipv6_address": [],
                        "internal_ipv4_address": []
                      }
                    ],
                    "ports": [
                      80
                    ]
                  }
                ],
                "http": [
                  {
                    "handler": [
                      {
                        "allow_http10": false,
                        "http2_options": [],
                        "http_router_id": "ds7ic4dvlmhmbogielsb",
                        "rewrite_request_id": false
                      }
                    ],
                    "redirects": []
                  }
                ],
                "name": "alb-listener",
                "stream": [],
                "tls": []
              }
            ],
            "log_group_id": "ckg9sptmr6cb0gqq6jft",
            "log_options": [],
            "name": "alb-1",
            "network_id": "enpv8rd8n6tpilkvtnmo",
            "region_id": "",
            "security_group_ids": [
              "enp7g8r5en67au1huggt"
            ],
            "status": "active",
            "timeouts": null
          },
          "sensitive_attributes": [],
          "private": "eyJlMmJmYjczMC1lY2FhLTExZTYtOGY4OC0zNDM2M2JjN2M0YzAiOnsiY3JlYXRlIjo2MDAwMDAwMDAwMDAsImRlbGV0ZSI6NjAwMDAwMDAwMDAwLCJ1cGRhdGUiOjYwMDAwMDAwMDAwMH19",
          "dependencies": [
            "yandex_alb_http_router.alb-router",
            "yandex_vpc_network.network",
            "yandex_vpc_security_group.alb-sg",
            "yandex_vpc_security_group.internal-bastion-sg",
            "yandex_vpc_subnet.private-segment-a",
            "yandex_vpc_subnet.private-segment-b",
            "yandex_vpc_subnet.public-segment"
          ]
        }
      ]
    },
    {
      "mode": "managed",
      "type": "yandex_alb_virtual_host",
      "name": "alb-host",
      "provider": "provider[\"registry.terraform.io/yandex-cloud/yandex\"]",
      "instances": [
        {
          "schema_version": 0,
          "attributes": {
            "authority": [],
            "http_router_id": "ds7ic4dvlmhmbogielsb",
            "id": "ds7ic4dvlmhmbogielsb/alb-host",
            "modify_request_headers": [],
            "modify_response_headers": [],
            "name": "alb-host",
            "route": [
              {
                "grpc_route": [],
                "http_route": [
                  {
                    "direct_response_action": [],
                    "http_match": [],
                    "http_route_action": [
                      {
                        "auto_host_rewrite": false,
                        "backend_group_id": "ds7qoucpna9i7pui2dlr",
                        "host_rewrite": "",
                        "idle_timeout": "",
                        "prefix_rewrite": "",
                        "timeout": "",
                        "upgrade_types": []
                      }
                    ],
                    "redirect_action": []
                  }
                ],
                "name": "route-1",
                "route_options": []
              }
            ],
            "route_options": [],
            "timeouts": null
          },
          "sensitive_attributes": [],
          "private": "eyJlMmJmYjczMC1lY2FhLTExZTYtOGY4OC0zNDM2M2JjN2M0YzAiOnsiY3JlYXRlIjozMDAwMDAwMDAwMDAsImRlbGV0ZSI6MzAwMDAwMDAwMDAwLCJ1cGRhdGUiOjMwMDAwMDAwMDAwMH19",
          "dependencies": [
            "yandex_alb_backend_group.alb-bg",
            "yandex_alb_http_router.alb-router",
            "yandex_compute_image.lemp",
            "yandex_compute_instance_group.alb-vm-group",
            "yandex_vpc_network.network",
            "yandex_vpc_security_group.alb-sg",
            "yandex_vpc_security_group.alb-vm-sg",
            "yandex_vpc_security_group.internal-bastion-sg",
            "yandex_vpc_security_group.node-exporter-sg",
            "yandex_vpc_security_group.prometheus-sg",
            "yandex_vpc_subnet.private-segment-a",
            "yandex_vpc_subnet.private-segment-b",
            "yandex_vpc_subnet.public-segment"
          ]
        }
      ]
    },
    {
      "mode": "managed",
      "type": "yandex_compute_image",
      "name": "lemp",
      "provider": "provider[\"registry.terraform.io/yandex-cloud/yandex\"]",
      "instances": [
        {
          "schema_version": 0,
          "attributes": {
            "created_at": "2023-05-08T13:56:22Z",
            "description": "",
            "family": "",
            "folder_id": "b1g1qf6244mkqteiq6br",
            "id": "fd8icgnnihfloc3hc7ij",
            "labels": {},
            "min_disk_size": 3,
            "name": "",
            "os_type": null,
            "pooled": false,
            "product_ids": [
              "f2e19l145t96ss0lrlbo",
              "f2esv771rfdv8d4o446o"
            ],
            "size": 2,
            "source_disk": null,
            "source_family": "lemp",
            "source_image": null,
            "source_snapshot": null,
            "source_url": null,
            "status": "ready",
            "timeouts": null
          },
          "sensitive_attributes": [],
          "private": "eyJlMmJmYjczMC1lY2FhLTExZTYtOGY4OC0zNDM2M2JjN2M0YzAiOnsiY3JlYXRlIjozMDAwMDAwMDAwMDAsImRlbGV0ZSI6MzAwMDAwMDAwMDAwLCJ1cGRhdGUiOjMwMDAwMDAwMDAwMH19"
        }
      ]
    },
    {
      "mode": "managed",
      "type": "yandex_compute_instance",
      "name": "elastic",
      "provider": "provider[\"registry.terraform.io/yandex-cloud/yandex\"]",
      "instances": [
        {
          "schema_version": 1,
          "attributes": {
            "allow_recreate": null,
            "allow_stopping_for_update": null,
            "boot_disk": [
              {
                "auto_delete": true,
                "device_name": "fhmg1qpvqon245597mfm",
                "disk_id": "fhmg1qpvqon245597mfm",
                "initialize_params": [
                  {
                    "block_size": 4096,
                    "description": "",
                    "image_id": "fd80o2eikcn22b229tsa",
                    "name": "",
                    "size": 30,
                    "snapshot_id": "",
                    "type": "network-ssd"
                  }
                ],
                "mode": "READ_WRITE"
              }
            ],
            "created_at": "2023-05-13T05:09:13Z",
            "description": "",
            "filesystem": [],
            "folder_id": "b1g1qf6244mkqteiq6br",
            "fqdn": "fhmqera09slpg28dpp3e.auto.internal",
            "gpu_cluster_id": "",
            "hostname": "",
            "id": "fhmqera09slpg28dpp3e",
            "labels": {},
            "local_disk": [],
            "metadata": {
              "docker-compose": "version: '3.7'\r\n\r\nservices:\r\n  elasticsearch:\r\n    image: bitnami/elasticsearch:latest\r\n    environment:\r\n      ES_JAVA_OPTS: \"-Xm4g -Xms4g\"\r\n      ELASTIC_USERNAME: \"elastic\"\r\n      ELASTIC_PASSWORD: \"MyPw123\"\r\n      discovery.type: single-node\r\n    ports:\r\n      - \"9200:9200\"\r\n      - \"9300:9300\"",
              "user-data": "#cloud-config\r\nserial-port-enable: 1\r\nusers:\r\n  - name: admin\r\n    groups: sudo\r\n    shell: /bin/bash\r\n    sudo: ['ALL=(ALL) NOPASSWD:ALL']\r\n    ssh_authorized_keys:\r\n      - ssh-ed25519 AAAAC3NzaC1lZDI1NTE5AAAAID+2EjU1w0AS8JT3njDHjH4ENlQbejD19dS5AdJqZP6U alexg@DESKTOP-VJGVVAG\r\n\r\n"
            },
            "metadata_options": [
              {
                "aws_v1_http_endpoint": 1,
                "aws_v1_http_token": 2,
                "gce_http_endpoint": 1,
                "gce_http_token": 1
              }
            ],
            "name": "elastic",
            "network_acceleration_type": "standard",
            "network_interface": [
              {
                "dns_record": [],
                "index": 0,
                "ip_address": "192.168.20.230",
                "ipv4": true,
                "ipv6": false,
                "ipv6_address": "",
                "ipv6_dns_record": [],
                "mac_address": "d0:0d:1a:76:d4:04",
                "nat": false,
                "nat_dns_record": [],
                "nat_ip_address": "",
                "nat_ip_version": "",
                "security_group_ids": [
                  "enpn3fcs4ngaksjom2pk"
                ],
                "subnet_id": "e9bkjs0vi74ntg0fq1d1"
              }
            ],
            "placement_policy": [
              {
                "host_affinity_rules": [],
                "placement_group_id": ""
              }
            ],
            "platform_id": "standard-v1",
            "resources": [
              {
                "core_fraction": 100,
                "cores": 4,
                "gpus": 0,
                "memory": 8
              }
            ],
            "scheduling_policy": [
              {
                "preemptible": false
              }
            ],
            "secondary_disk": [],
            "service_account_id": "",
            "status": "running",
            "timeouts": null,
            "zone": "ru-central1-a"
          },
          "sensitive_attributes": [],
          "private": "eyJlMmJmYjczMC1lY2FhLTExZTYtOGY4OC0zNDM2M2JjN2M0YzAiOnsiY3JlYXRlIjozMDAwMDAwMDAwMDAsImRlbGV0ZSI6MzAwMDAwMDAwMDAwLCJ1cGRhdGUiOjMwMDAwMDAwMDAwMH0sInNjaGVtYV92ZXJzaW9uIjoiMSJ9",
          "dependencies": [
            "data.yandex_compute_image.container-optimized-image",
            "yandex_vpc_network.network",
            "yandex_vpc_security_group.elastic-sg",
            "yandex_vpc_security_group.internal-bastion-sg",
            "yandex_vpc_subnet.private-segment-a",
            "yandex_vpc_subnet.private-segment-b",
            "yandex_vpc_subnet.public-segment"
          ]
        }
      ]
    },
    {
      "mode": "managed",
      "type": "yandex_compute_instance",
      "name": "grafana",
      "provider": "provider[\"registry.terraform.io/yandex-cloud/yandex\"]",
      "instances": [
        {
          "schema_version": 1,
          "attributes": {
            "allow_recreate": null,
            "allow_stopping_for_update": null,
            "boot_disk": [
              {
                "auto_delete": true,
                "device_name": "fhmpqd6tn7797nihe7ks",
                "disk_id": "fhmpqd6tn7797nihe7ks",
                "initialize_params": [
                  {
                    "block_size": 4096,
                    "description": "",
                    "image_id": "fd80o2eikcn22b229tsa",
                    "name": "",
                    "size": 30,
                    "snapshot_id": "",
                    "type": "network-ssd"
                  }
                ],
                "mode": "READ_WRITE"
              }
            ],
            "created_at": "2023-05-13T03:44:12Z",
            "description": "",
            "filesystem": [],
            "folder_id": "b1g1qf6244mkqteiq6br",
            "fqdn": "fhm6taugscn2c59h512n.auto.internal",
            "gpu_cluster_id": "",
            "hostname": "",
            "id": "fhm6taugscn2c59h512n",
            "labels": {},
            "local_disk": [],
            "metadata": {
              "docker-compose": "version: '3.7'\r\n\r\nservices:\r\n  grafana:\r\n    # Change latest with your target version, if needed\r\n    image: grafana/grafana:latest\r\n    ports:\r\n      - 3000:3000/tcp",
              "user-data": "#cloud-config\r\nusers:\r\n  - name: admin\r\n    groups: sudo\r\n    shell: /bin/bash\r\n    sudo: ['ALL=(ALL) NOPASSWD:ALL']\r\n    ssh_authorized_keys:\r\n      - ssh-ed25519 AAAAC3NzaC1lZDI1NTE5AAAAID+2EjU1w0AS8JT3njDHjH4ENlQbejD19dS5AdJqZP6U alexg@DESKTOP-VJGVVAG\r\n\r\n"
            },
            "metadata_options": [
              {
                "aws_v1_http_endpoint": 1,
                "aws_v1_http_token": 2,
                "gce_http_endpoint": 1,
                "gce_http_token": 1
              }
            ],
            "name": "grafana",
            "network_acceleration_type": "standard",
            "network_interface": [
              {
                "dns_record": [],
                "index": 0,
                "ip_address": "192.168.10.32",
                "ipv4": true,
                "ipv6": false,
                "ipv6_address": "",
                "ipv6_dns_record": [],
                "mac_address": "d0:0d:6e:ab:d0:e3",
                "nat": true,
                "nat_dns_record": [],
                "nat_ip_address": "62.84.112.240",
                "nat_ip_version": "IPV4",
                "security_group_ids": [
                  "enpn98a35j0igq9ip25h"
                ],
                "subnet_id": "e9bhe2e6v8rtsmcct65j"
              }
            ],
            "placement_policy": [
              {
                "host_affinity_rules": [],
                "placement_group_id": ""
              }
            ],
            "platform_id": "standard-v1",
            "resources": [
              {
                "core_fraction": 100,
                "cores": 2,
                "gpus": 0,
                "memory": 2
              }
            ],
            "scheduling_policy": [
              {
                "preemptible": false
              }
            ],
            "secondary_disk": [],
            "service_account_id": "",
            "status": "running",
            "timeouts": null,
            "zone": "ru-central1-a"
          },
          "sensitive_attributes": [],
          "private": "eyJlMmJmYjczMC1lY2FhLTExZTYtOGY4OC0zNDM2M2JjN2M0YzAiOnsiY3JlYXRlIjozMDAwMDAwMDAwMDAsImRlbGV0ZSI6MzAwMDAwMDAwMDAwLCJ1cGRhdGUiOjMwMDAwMDAwMDAwMH0sInNjaGVtYV92ZXJzaW9uIjoiMSJ9",
          "dependencies": [
            "data.yandex_compute_image.container-optimized-image",
            "yandex_vpc_network.network",
            "yandex_vpc_security_group.grafana-sg",
            "yandex_vpc_security_group.internal-bastion-sg",
            "yandex_vpc_subnet.private-segment-a",
            "yandex_vpc_subnet.private-segment-b",
            "yandex_vpc_subnet.public-segment"
          ]
        }
      ]
    },
    {
      "mode": "managed",
      "type": "yandex_compute_instance",
      "name": "jump",
      "provider": "provider[\"registry.terraform.io/yandex-cloud/yandex\"]",
      "instances": [
        {
          "schema_version": 1,
          "attributes": {
            "allow_recreate": null,
            "allow_stopping_for_update": null,
            "boot_disk": [
              {
                "auto_delete": true,
                "device_name": "fhmjn51qnjhvv07hbbag",
                "disk_id": "fhmjn51qnjhvv07hbbag",
                "initialize_params": [
                  {
                    "block_size": 4096,
                    "description": "",
                    "image_id": "fd8lv2ar4kaq92jiihem",
                    "name": "",
                    "size": 10,
                    "snapshot_id": "",
                    "type": "network-hdd"
                  }
                ],
                "mode": "READ_WRITE"
              }
            ],
            "created_at": "2023-05-09T04:45:51Z",
            "description": "",
            "filesystem": [],
            "folder_id": "b1g1qf6244mkqteiq6br",
            "fqdn": "fhmkno3311olab9g50ig.auto.internal",
            "gpu_cluster_id": "",
            "hostname": "",
            "id": "fhmkno3311olab9g50ig",
            "labels": {},
            "local_disk": [],
            "metadata": {
              "user-data": "#cloud-config\r\nusers:\r\n  - name: admin\r\n    groups: sudo\r\n    shell: /bin/bash\r\n    sudo: ['ALL=(ALL) NOPASSWD:ALL']\r\n    ssh_authorized_keys:\r\n      - ssh-ed25519 AAAAC3NzaC1lZDI1NTE5AAAAID+2EjU1w0AS8JT3njDHjH4ENlQbejD19dS5AdJqZP6U alexg@DESKTOP-VJGVVAG\r\n\r\n"
            },
            "metadata_options": [
              {
                "aws_v1_http_endpoint": 1,
                "aws_v1_http_token": 2,
                "gce_http_endpoint": 1,
                "gce_http_token": 1
              }
            ],
            "name": "jump",
            "network_acceleration_type": "standard",
            "network_interface": [
              {
                "dns_record": [],
                "index": 0,
                "ip_address": "192.168.10.250",
                "ipv4": true,
                "ipv6": false,
                "ipv6_address": "",
                "ipv6_dns_record": [],
                "mac_address": "d0:0d:14:be:06:30",
                "nat": true,
                "nat_dns_record": [],
                "nat_ip_address": "62.84.127.76",
                "nat_ip_version": "IPV4",
                "security_group_ids": [
                  "enpd0ma10t00bopguj96",
                  "enpvu2jh3diuu48kcuf2"
                ],
                "subnet_id": "e9bhe2e6v8rtsmcct65j"
              }
            ],
            "placement_policy": [
              {
                "host_affinity_rules": [],
                "placement_group_id": ""
              }
            ],
            "platform_id": "standard-v1",
            "resources": [
              {
                "core_fraction": 100,
                "cores": 2,
                "gpus": 0,
                "memory": 2
              }
            ],
            "scheduling_policy": [
              {
                "preemptible": false
              }
            ],
            "secondary_disk": [],
            "service_account_id": "",
            "status": "running",
            "timeouts": null,
            "zone": "ru-central1-a"
          },
          "sensitive_attributes": [],
          "private": "eyJlMmJmYjczMC1lY2FhLTExZTYtOGY4OC0zNDM2M2JjN2M0YzAiOnsiY3JlYXRlIjozMDAwMDAwMDAwMDAsImRlbGV0ZSI6MzAwMDAwMDAwMDAwLCJ1cGRhdGUiOjMwMDAwMDAwMDAwMH0sInNjaGVtYV92ZXJzaW9uIjoiMSJ9",
          "dependencies": [
            "yandex_vpc_network.network",
            "yandex_vpc_security_group.internal-bastion-sg",
            "yandex_vpc_security_group.secure-bastion-sg",
            "yandex_vpc_subnet.private-segment-a",
            "yandex_vpc_subnet.private-segment-b",
            "yandex_vpc_subnet.public-segment"
          ]
        }
      ]
    },
    {
      "mode": "managed",
      "type": "yandex_compute_instance",
      "name": "kibana",
      "provider": "provider[\"registry.terraform.io/yandex-cloud/yandex\"]",
      "instances": [
        {
          "schema_version": 1,
          "attributes": {
            "allow_recreate": null,
            "allow_stopping_for_update": null,
            "boot_disk": [
              {
                "auto_delete": true,
                "device_name": "fhmtsgju5nm5ggvcdg6r",
                "disk_id": "fhmtsgju5nm5ggvcdg6r",
                "initialize_params": [
                  {
                    "block_size": 4096,
                    "description": "",
                    "image_id": "fd80o2eikcn22b229tsa",
                    "name": "",
                    "size": 30,
                    "snapshot_id": "",
                    "type": "network-ssd"
                  }
                ],
                "mode": "READ_WRITE"
              }
            ],
            "created_at": "2023-05-13T05:09:11Z",
            "description": "",
            "filesystem": [],
            "folder_id": "b1g1qf6244mkqteiq6br",
            "fqdn": "fhm8jlu6k1sd10rkails.auto.internal",
            "gpu_cluster_id": "",
            "hostname": "",
            "id": "fhm8jlu6k1sd10rkails",
            "labels": {},
            "local_disk": [],
            "metadata": {
              "docker-compose": "version: '3.7'\r\n\r\nservices:\r\n  kibana:\r\n    image: bitnami/kibana:latest\r\n    ports:\r\n      - \"5601:5601\"",
              "user-data": "#cloud-config\r\nusers:\r\n  - name: admin\r\n    groups: sudo\r\n    shell: /bin/bash\r\n    sudo: ['ALL=(ALL) NOPASSWD:ALL']\r\n    ssh_authorized_keys:\r\n      - ssh-ed25519 AAAAC3NzaC1lZDI1NTE5AAAAID+2EjU1w0AS8JT3njDHjH4ENlQbejD19dS5AdJqZP6U alexg@DESKTOP-VJGVVAG\r\n\r\n"
            },
            "metadata_options": [
              {
                "aws_v1_http_endpoint": 1,
                "aws_v1_http_token": 2,
                "gce_http_endpoint": 1,
                "gce_http_token": 1
              }
            ],
            "name": "kibana",
            "network_acceleration_type": "standard",
            "network_interface": [
              {
                "dns_record": [],
                "index": 0,
                "ip_address": "192.168.10.27",
                "ipv4": true,
                "ipv6": false,
                "ipv6_address": "",
                "ipv6_dns_record": [],
                "mac_address": "d0:0d:89:d7:c6:a0",
                "nat": true,
                "nat_dns_record": [],
                "nat_ip_address": "51.250.77.104",
                "nat_ip_version": "IPV4",
                "security_group_ids": [
                  "enpd7t8rjlha6ik4d41u"
                ],
                "subnet_id": "e9bhe2e6v8rtsmcct65j"
              }
            ],
            "placement_policy": [
              {
                "host_affinity_rules": [],
                "placement_group_id": ""
              }
            ],
            "platform_id": "standard-v1",
            "resources": [
              {
                "core_fraction": 100,
                "cores": 2,
                "gpus": 0,
                "memory": 2
              }
            ],
            "scheduling_policy": [
              {
                "preemptible": false
              }
            ],
            "secondary_disk": [],
            "service_account_id": "",
            "status": "running",
            "timeouts": null,
            "zone": "ru-central1-a"
          },
          "sensitive_attributes": [],
          "private": "eyJlMmJmYjczMC1lY2FhLTExZTYtOGY4OC0zNDM2M2JjN2M0YzAiOnsiY3JlYXRlIjozMDAwMDAwMDAwMDAsImRlbGV0ZSI6MzAwMDAwMDAwMDAwLCJ1cGRhdGUiOjMwMDAwMDAwMDAwMH0sInNjaGVtYV92ZXJzaW9uIjoiMSJ9",
          "dependencies": [
            "data.yandex_compute_image.container-optimized-image",
            "yandex_vpc_network.network",
            "yandex_vpc_security_group.internal-bastion-sg",
            "yandex_vpc_security_group.kibana-sg",
            "yandex_vpc_subnet.private-segment-a",
            "yandex_vpc_subnet.private-segment-b",
            "yandex_vpc_subnet.public-segment"
          ]
        }
      ]
    },
    {
      "mode": "managed",
      "type": "yandex_compute_instance",
      "name": "prometheus",
      "provider": "provider[\"registry.terraform.io/yandex-cloud/yandex\"]",
      "instances": [
        {
          "schema_version": 1,
          "attributes": {
            "allow_recreate": null,
            "allow_stopping_for_update": null,
            "boot_disk": [
              {
                "auto_delete": true,
                "device_name": "fhm304c836qr77oa46sm",
                "disk_id": "fhm304c836qr77oa46sm",
                "initialize_params": [
                  {
                    "block_size": 4096,
                    "description": "",
                    "image_id": "fd8r9ntkrnrn46fkh0e4",
                    "name": "",
                    "size": 10,
                    "snapshot_id": "",
                    "type": "network-ssd"
                  }
                ],
                "mode": "READ_WRITE"
              }
            ],
            "created_at": "2023-05-14T10:37:53Z",
            "description": "",
            "filesystem": [],
            "folder_id": "b1g1qf6244mkqteiq6br",
            "fqdn": "fhmf729iiquv5gesums1.auto.internal",
            "gpu_cluster_id": "",
            "hostname": "",
            "id": "fhmf729iiquv5gesums1",
            "labels": null,
            "local_disk": [],
            "metadata": {
              "user-data": "#cloud-config\r\nusers:\r\n  - name: admin\r\n    groups: sudo\r\n    shell: /bin/bash\r\n    sudo: ['ALL=(ALL) NOPASSWD:ALL']\r\n    ssh_authorized_keys:\r\n      - ssh-ed25519 AAAAC3NzaC1lZDI1NTE5AAAAID+2EjU1w0AS8JT3njDHjH4ENlQbejD19dS5AdJqZP6U alexg@DESKTOP-VJGVVAG\r\n\r\n"
            },
            "metadata_options": [
              {
                "aws_v1_http_endpoint": 1,
                "aws_v1_http_token": 2,
                "gce_http_endpoint": 1,
                "gce_http_token": 1
              }
            ],
            "name": "prometheus",
            "network_acceleration_type": "standard",
            "network_interface": [
              {
                "dns_record": [],
                "index": 0,
                "ip_address": "192.168.20.240",
                "ipv4": true,
                "ipv6": false,
                "ipv6_address": "",
                "ipv6_dns_record": [],
                "mac_address": "d0:0d:f3:89:32:96",
                "nat": false,
                "nat_dns_record": [],
                "nat_ip_address": "",
                "nat_ip_version": "",
                "security_group_ids": [
                  "enpbgcntko5mietelh5l"
                ],
                "subnet_id": "e9bkjs0vi74ntg0fq1d1"
              }
            ],
            "placement_policy": [
              {
                "host_affinity_rules": [],
                "placement_group_id": ""
              }
            ],
            "platform_id": "standard-v1",
            "resources": [
              {
                "core_fraction": 100,
                "cores": 2,
                "gpus": 0,
                "memory": 2
              }
            ],
            "scheduling_policy": [
              {
                "preemptible": false
              }
            ],
            "secondary_disk": [],
            "service_account_id": "",
            "status": "running",
            "timeouts": null,
            "zone": "ru-central1-a"
          },
          "sensitive_attributes": [],
          "private": "eyJlMmJmYjczMC1lY2FhLTExZTYtOGY4OC0zNDM2M2JjN2M0YzAiOnsiY3JlYXRlIjozMDAwMDAwMDAwMDAsImRlbGV0ZSI6MzAwMDAwMDAwMDAwLCJ1cGRhdGUiOjMwMDAwMDAwMDAwMH0sInNjaGVtYV92ZXJzaW9uIjoiMSJ9",
          "dependencies": [
            "yandex_vpc_security_group.prometheus-sg",
            "yandex_vpc_subnet.private-segment-a"
          ]
        }
      ]
    },
    {
      "mode": "managed",
      "type": "yandex_compute_instance_group",
      "name": "alb-vm-group",
      "provider": "provider[\"registry.terraform.io/yandex-cloud/yandex\"]",
      "instances": [
        {
          "schema_version": 0,
          "attributes": {
            "allocation_policy": [
              {
                "zones": [
                  "ru-central1-a",
                  "ru-central1-b"
                ]
              }
            ],
            "application_load_balancer": [
              {
                "max_opening_traffic_duration": 0,
                "status_message": "",
                "target_group_description": "",
                "target_group_id": "ds7tljrdoldomcart452",
                "target_group_labels": {},
                "target_group_name": "alb-tg"
              }
            ],
            "created_at": "2023-05-08T14:09:20Z",
            "deletion_protection": false,
            "deploy_policy": [
              {
                "max_creating": 0,
                "max_deleting": 0,
                "max_expansion": 0,
                "max_unavailable": 1,
                "startup_duration": 0,
                "strategy": "proactive"
              }
            ],
            "description": "",
            "folder_id": "b1g1qf6244mkqteiq6br",
            "health_check": [],
            "id": "cl10nuhkcd51agkkgg64",
            "instance_template": [
              {
                "boot_disk": [
                  {
                    "device_name": "",
                    "disk_id": "",
                    "initialize_params": [
                      {
                        "description": "",
                        "image_id": "fd8icgnnihfloc3hc7ij",
                        "size": 3,
                        "snapshot_id": "",
                        "type": "network-hdd"
                      }
                    ],
                    "mode": "READ_WRITE"
                  }
                ],
                "description": "",
                "hostname": "",
                "labels": {},
                "metadata": {
                  "user-data": "#cloud-config\r\nusers:\r\n  - name: admin\r\n    groups: sudo\r\n    shell: /bin/bash\r\n    sudo: ['ALL=(ALL) NOPASSWD:ALL']\r\n    ssh_authorized_keys:\r\n      - ssh-ed25519 AAAAC3NzaC1lZDI1NTE5AAAAID+2EjU1w0AS8JT3njDHjH4ENlQbejD19dS5AdJqZP6U alexg@DESKTOP-VJGVVAG\r\n\r\n"
                },
                "name": "",
                "network_interface": [
                  {
                    "dns_record": [],
                    "ip_address": "",
                    "ipv4": true,
                    "ipv6": false,
                    "ipv6_address": "",
                    "ipv6_dns_record": [],
                    "nat": false,
                    "nat_dns_record": [],
                    "nat_ip_address": "",
                    "network_id": "enpv8rd8n6tpilkvtnmo",
                    "security_group_ids": [
                      "enp330ohsgf42k5k0b5f",
                      "enp6rlfgojdgrmrgoq1p"
                    ],
                    "subnet_ids": [
                      "e2lj4ciqqliugnjk53bt",
                      "e9bkjs0vi74ntg0fq1d1"
                    ]
                  }
                ],
                "network_settings": [],
                "placement_policy": [],
                "platform_id": "standard-v2",
                "resources": [
                  {
                    "core_fraction": 5,
                    "cores": 2,
                    "gpus": 0,
                    "memory": 1
                  }
                ],
                "scheduling_policy": [
                  {
                    "preemptible": false
                  }
                ],
                "secondary_disk": [],
                "service_account_id": "ajemem1hq8stm6onlgl4"
              }
            ],
            "instances": [
              {
                "fqdn": "cl10nuhkcd51agkkgg64-evon.ru-central1.internal",
                "instance_id": "epd6jlu7p5kp97sgv4b4",
                "name": "cl10nuhkcd51agkkgg64-evon",
                "network_interface": [
                  {
                    "index": 0,
                    "ip_address": "192.168.30.14",
                    "ipv4": true,
                    "ipv6": false,
                    "ipv6_address": "",
                    "mac_address": "d0:0d:69:d7:c7:c9",
                    "nat": false,
                    "nat_ip_address": "",
                    "nat_ip_version": "",
                    "subnet_id": "e2lj4ciqqliugnjk53bt"
                  }
                ],
                "status": "RUNNING_ACTUAL",
                "status_changed_at": "2023-05-11T13:12:50Z",
                "status_message": "",
                "zone_id": "ru-central1-b"
              },
              {
                "fqdn": "cl10nuhkcd51agkkgg64-ihik.ru-central1.internal",
                "instance_id": "fhmv08vfr4224ksdoqk4",
                "name": "cl10nuhkcd51agkkgg64-ihik",
                "network_interface": [
                  {
                    "index": 0,
                    "ip_address": "192.168.20.27",
                    "ipv4": true,
                    "ipv6": false,
                    "ipv6_address": "",
                    "mac_address": "d0:0d:1f:02:3e:fd",
                    "nat": false,
                    "nat_ip_address": "",
                    "nat_ip_version": "",
                    "subnet_id": "e9bkjs0vi74ntg0fq1d1"
                  }
                ],
                "status": "RUNNING_ACTUAL",
                "status_changed_at": "2023-05-11T13:13:05Z",
                "status_message": "",
                "zone_id": "ru-central1-a"
              }
            ],
            "labels": {},
            "load_balancer": [],
            "max_checking_health_duration": null,
            "name": "alb-vm-group",
            "scale_policy": [
              {
                "auto_scale": [],
                "fixed_scale": [
                  {
                    "size": 2
                  }
                ],
                "test_auto_scale": []
              }
            ],
            "service_account_id": "ajemem1hq8stm6onlgl4",
            "status": "ACTIVE",
            "timeouts": null,
            "variables": {}
          },
          "sensitive_attributes": [],
          "private": "eyJlMmJmYjczMC1lY2FhLTExZTYtOGY4OC0zNDM2M2JjN2M0YzAiOnsiY3JlYXRlIjoxODAwMDAwMDAwMDAwLCJkZWxldGUiOjE4MDAwMDAwMDAwMDAsInVwZGF0ZSI6MTgwMDAwMDAwMDAwMH19",
          "dependencies": [
            "yandex_compute_image.lemp",
            "yandex_vpc_network.network",
            "yandex_vpc_security_group.alb-sg",
            "yandex_vpc_security_group.alb-vm-sg",
            "yandex_vpc_security_group.internal-bastion-sg",
            "yandex_vpc_security_group.node-exporter-sg",
            "yandex_vpc_security_group.prometheus-sg",
            "yandex_vpc_subnet.private-segment-a",
            "yandex_vpc_subnet.private-segment-b",
            "yandex_vpc_subnet.public-segment"
          ]
        }
      ]
    },
    {
      "mode": "managed",
      "type": "yandex_vpc_network",
      "name": "network",
      "provider": "provider[\"registry.terraform.io/yandex-cloud/yandex\"]",
      "instances": [
        {
          "schema_version": 0,
          "attributes": {
            "created_at": "2023-05-08T13:56:21Z",
            "default_security_group_id": "",
            "description": "",
            "folder_id": "b1g1qf6244mkqteiq6br",
            "id": "enpv8rd8n6tpilkvtnmo",
            "labels": {},
            "name": "network",
            "subnet_ids": [
              "e2lj4ciqqliugnjk53bt",
              "e9bhe2e6v8rtsmcct65j",
              "e9bkjs0vi74ntg0fq1d1"
            ],
            "timeouts": null
          },
          "sensitive_attributes": [],
          "private": "eyJlMmJmYjczMC1lY2FhLTExZTYtOGY4OC0zNDM2M2JjN2M0YzAiOnsiY3JlYXRlIjo2MDAwMDAwMDAwMCwiZGVsZXRlIjo2MDAwMDAwMDAwMCwidXBkYXRlIjo2MDAwMDAwMDAwMH19"
        }
      ]
    },
    {
      "mode": "managed",
      "type": "yandex_vpc_security_group",
      "name": "alb-sg",
      "provider": "provider[\"registry.terraform.io/yandex-cloud/yandex\"]",
      "instances": [
        {
          "schema_version": 0,
          "attributes": {
            "created_at": "2023-05-08T14:09:16Z",
            "description": "",
            "egress": [
              {
                "description": "any",
                "from_port": -1,
                "id": "enpluq8lchn0bfo7ebst",
                "labels": {},
                "port": -1,
                "predefined_target": "",
                "protocol": "ANY",
                "security_group_id": "",
                "to_port": -1,
                "v4_cidr_blocks": [
                  "0.0.0.0/0"
                ],
                "v6_cidr_blocks": []
              }
            ],
            "folder_id": "b1g1qf6244mkqteiq6br",
            "id": "enp7g8r5en67au1huggt",
            "ingress": [
              {
                "description": "ext-http",
                "from_port": -1,
                "id": "enpp26d8gom63r2oicla",
                "labels": {},
                "port": 80,
                "predefined_target": "",
                "protocol": "TCP",
                "security_group_id": "",
                "to_port": -1,
                "v4_cidr_blocks": [
                  "0.0.0.0/0"
                ],
                "v6_cidr_blocks": []
              },
              {
                "description": "ext-https",
                "from_port": -1,
                "id": "enpk7r7sq7f8d3tpm7t9",
                "labels": {},
                "port": 443,
                "predefined_target": "",
                "protocol": "TCP",
                "security_group_id": "",
                "to_port": -1,
                "v4_cidr_blocks": [
                  "0.0.0.0/0"
                ],
                "v6_cidr_blocks": []
              },
              {
                "description": "healthchecks",
                "from_port": -1,
                "id": "enp4ujsgunkhf8q9c5vr",
                "labels": {},
                "port": 30080,
                "predefined_target": "",
                "protocol": "TCP",
                "security_group_id": "",
                "to_port": -1,
                "v4_cidr_blocks": [
                  "198.18.235.0/24",
                  "198.18.248.0/24"
                ],
                "v6_cidr_blocks": []
              },
              {
                "description": "traffic from jump server",
                "from_port": -1,
                "id": "enpv08cq7q6maia4t9h9",
                "labels": {},
                "port": 22,
                "predefined_target": "",
                "protocol": "TCP",
                "security_group_id": "enpvu2jh3diuu48kcuf2",
                "to_port": -1,
                "v4_cidr_blocks": [],
                "v6_cidr_blocks": []
              }
            ],
            "labels": {},
            "name": "alb-sg",
            "network_id": "enpv8rd8n6tpilkvtnmo",
            "status": "ACTIVE",
            "timeouts": null
          },
          "sensitive_attributes": [],
          "private": "eyJlMmJmYjczMC1lY2FhLTExZTYtOGY4OC0zNDM2M2JjN2M0YzAiOnsiY3JlYXRlIjoxODAwMDAwMDAwMDAsImRlbGV0ZSI6MTgwMDAwMDAwMDAwLCJ1cGRhdGUiOjE4MDAwMDAwMDAwMH19",
          "dependencies": [
            "yandex_vpc_network.network",
            "yandex_vpc_security_group.internal-bastion-sg",
            "yandex_vpc_subnet.private-segment-a",
            "yandex_vpc_subnet.private-segment-b",
            "yandex_vpc_subnet.public-segment"
          ]
        }
      ]
    },
    {
      "mode": "managed",
      "type": "yandex_vpc_security_group",
      "name": "alb-vm-sg",
      "provider": "provider[\"registry.terraform.io/yandex-cloud/yandex\"]",
      "instances": [
        {
          "schema_version": 0,
          "attributes": {
            "created_at": "2023-05-08T14:09:18Z",
            "description": "",
            "egress": [
              {
                "description": "any",
                "from_port": -1,
                "id": "enp919p0olr4ie7cit2j",
                "labels": {},
                "port": -1,
                "predefined_target": "",
                "protocol": "ANY",
                "security_group_id": "enpbgcntko5mietelh5l",
                "to_port": -1,
                "v4_cidr_blocks": [],
                "v6_cidr_blocks": []
              }
            ],
            "folder_id": "b1g1qf6244mkqteiq6br",
            "id": "enp6rlfgojdgrmrgoq1p",
            "ingress": [
              {
                "description": "balancer",
                "from_port": -1,
                "id": "enp4tl9pb9mi4ak6u1c6",
                "labels": {},
                "port": 80,
                "predefined_target": "",
                "protocol": "TCP",
                "security_group_id": "enp7g8r5en67au1huggt",
                "to_port": -1,
                "v4_cidr_blocks": [],
                "v6_cidr_blocks": []
              },
              {
                "description": "traffic from jump server",
                "from_port": -1,
                "id": "enp5oheigririft3a5mt",
                "labels": {},
                "port": 22,
                "predefined_target": "",
                "protocol": "TCP",
                "security_group_id": "enpvu2jh3diuu48kcuf2",
                "to_port": -1,
                "v4_cidr_blocks": [],
                "v6_cidr_blocks": []
              },
              {
                "description": "traffic from prometheus server",
                "from_port": -1,
                "id": "enp8d3186a9hodt9nbb7",
                "labels": {},
                "port": 4040,
                "predefined_target": "",
                "protocol": "TCP",
                "security_group_id": "enpbgcntko5mietelh5l",
                "to_port": -1,
                "v4_cidr_blocks": [],
                "v6_cidr_blocks": []
              },
              {
                "description": "traffic from prometheus server",
                "from_port": -1,
                "id": "enpp6iq9htp7hrve7l3l",
                "labels": {},
                "port": 9100,
                "predefined_target": "",
                "protocol": "TCP",
                "security_group_id": "enpbgcntko5mietelh5l",
                "to_port": -1,
                "v4_cidr_blocks": [],
                "v6_cidr_blocks": []
              }
            ],
            "labels": {},
            "name": "alb-vm-sg",
            "network_id": "enpv8rd8n6tpilkvtnmo",
            "status": "ACTIVE",
            "timeouts": null
          },
          "sensitive_attributes": [],
          "private": "eyJlMmJmYjczMC1lY2FhLTExZTYtOGY4OC0zNDM2M2JjN2M0YzAiOnsiY3JlYXRlIjoxODAwMDAwMDAwMDAsImRlbGV0ZSI6MTgwMDAwMDAwMDAwLCJ1cGRhdGUiOjE4MDAwMDAwMDAwMH19",
          "dependencies": [
            "yandex_vpc_network.network",
            "yandex_vpc_security_group.alb-sg",
            "yandex_vpc_security_group.internal-bastion-sg",
            "yandex_vpc_security_group.prometheus-sg",
            "yandex_vpc_subnet.private-segment-a",
            "yandex_vpc_subnet.private-segment-b",
            "yandex_vpc_subnet.public-segment"
          ]
        }
      ]
    },
    {
      "mode": "managed",
      "type": "yandex_vpc_security_group",
      "name": "elastic-sg",
      "provider": "provider[\"registry.terraform.io/yandex-cloud/yandex\"]",
      "instances": [
        {
          "schema_version": 0,
          "attributes": {
            "created_at": "2023-05-08T13:56:23Z",
            "description": "",
            "egress": [
              {
                "description": "any",
                "from_port": -1,
                "id": "enp0anp1bbvvdbhjnjqo",
                "labels": {},
                "port": -1,
                "predefined_target": "",
                "protocol": "ANY",
                "security_group_id": "",
                "to_port": -1,
                "v4_cidr_blocks": [
                  "0.0.0.0/0"
                ],
                "v6_cidr_blocks": []
              }
            ],
            "folder_id": "b1g1qf6244mkqteiq6br",
            "id": "enpn3fcs4ngaksjom2pk",
            "ingress": [
              {
                "description": "elastic",
                "from_port": -1,
                "id": "enpa99k987b0lttr4stq",
                "labels": {},
                "port": 9200,
                "predefined_target": "",
                "protocol": "TCP",
                "security_group_id": "",
                "to_port": -1,
                "v4_cidr_blocks": [
                  "0.0.0.0/0"
                ],
                "v6_cidr_blocks": []
              },
              {
                "description": "elastic",
                "from_port": -1,
                "id": "enptcpp5ccqr9l093ecd",
                "labels": {},
                "port": 9300,
                "predefined_target": "",
                "protocol": "TCP",
                "security_group_id": "",
                "to_port": -1,
                "v4_cidr_blocks": [
                  "0.0.0.0/0"
                ],
                "v6_cidr_blocks": []
              },
              {
                "description": "traffic from jump server",
                "from_port": -1,
                "id": "enpkqpcvpkfo5thlpta6",
                "labels": {},
                "port": 22,
                "predefined_target": "",
                "protocol": "TCP",
                "security_group_id": "enpvu2jh3diuu48kcuf2",
                "to_port": -1,
                "v4_cidr_blocks": [],
                "v6_cidr_blocks": []
              }
            ],
            "labels": {},
            "name": "elastic-sg",
            "network_id": "enpv8rd8n6tpilkvtnmo",
            "status": "ACTIVE",
            "timeouts": null
          },
          "sensitive_attributes": [],
          "private": "eyJlMmJmYjczMC1lY2FhLTExZTYtOGY4OC0zNDM2M2JjN2M0YzAiOnsiY3JlYXRlIjoxODAwMDAwMDAwMDAsImRlbGV0ZSI6MTgwMDAwMDAwMDAwLCJ1cGRhdGUiOjE4MDAwMDAwMDAwMH19",
          "dependencies": [
            "yandex_vpc_network.network",
            "yandex_vpc_security_group.internal-bastion-sg",
            "yandex_vpc_subnet.private-segment-a",
            "yandex_vpc_subnet.private-segment-b",
            "yandex_vpc_subnet.public-segment"
          ]
        }
      ]
    },
    {
      "mode": "managed",
      "type": "yandex_vpc_security_group",
      "name": "grafana-sg",
      "provider": "provider[\"registry.terraform.io/yandex-cloud/yandex\"]",
      "instances": [
        {
          "schema_version": 0,
          "attributes": {
            "created_at": "2023-05-08T13:56:27Z",
            "description": "",
            "egress": [
              {
                "description": "any",
                "from_port": -1,
                "id": "enpnbpshujpmtu0kiaem",
                "labels": {},
                "port": -1,
                "predefined_target": "",
                "protocol": "ANY",
                "security_group_id": "",
                "to_port": -1,
                "v4_cidr_blocks": [
                  "0.0.0.0/0"
                ],
                "v6_cidr_blocks": []
              }
            ],
            "folder_id": "b1g1qf6244mkqteiq6br",
            "id": "enpn98a35j0igq9ip25h",
            "ingress": [
              {
                "description": "ext-http",
                "from_port": -1,
                "id": "enpjak3lhsm6pjgimumr",
                "labels": {},
                "port": 3000,
                "predefined_target": "",
                "protocol": "TCP",
                "security_group_id": "",
                "to_port": -1,
                "v4_cidr_blocks": [
                  "0.0.0.0/0"
                ],
                "v6_cidr_blocks": []
              },
              {
                "description": "traffic from jump server",
                "from_port": -1,
                "id": "enpthefv2ipja1eou22o",
                "labels": {},
                "port": 22,
                "predefined_target": "",
                "protocol": "TCP",
                "security_group_id": "enpvu2jh3diuu48kcuf2",
                "to_port": -1,
                "v4_cidr_blocks": [],
                "v6_cidr_blocks": []
              }
            ],
            "labels": {},
            "name": "grafana-sg",
            "network_id": "enpv8rd8n6tpilkvtnmo",
            "status": "ACTIVE",
            "timeouts": null
          },
          "sensitive_attributes": [],
          "private": "eyJlMmJmYjczMC1lY2FhLTExZTYtOGY4OC0zNDM2M2JjN2M0YzAiOnsiY3JlYXRlIjoxODAwMDAwMDAwMDAsImRlbGV0ZSI6MTgwMDAwMDAwMDAwLCJ1cGRhdGUiOjE4MDAwMDAwMDAwMH19",
          "dependencies": [
            "yandex_vpc_network.network",
            "yandex_vpc_security_group.internal-bastion-sg",
            "yandex_vpc_subnet.private-segment-a",
            "yandex_vpc_subnet.private-segment-b",
            "yandex_vpc_subnet.public-segment"
          ]
        }
      ]
    },
    {
      "mode": "managed",
      "type": "yandex_vpc_security_group",
      "name": "internal-bastion-sg",
      "provider": "provider[\"registry.terraform.io/yandex-cloud/yandex\"]",
      "instances": [
        {
          "schema_version": 0,
          "attributes": {
            "created_at": "2023-05-08T13:56:28Z",
            "description": "",
            "egress": [
              {
                "description": "ssh",
                "from_port": -1,
                "id": "enphek0v3mkte7djvbem",
                "labels": {},
                "port": 22,
                "predefined_target": "",
                "protocol": "TCP",
                "security_group_id": "",
                "to_port": -1,
                "v4_cidr_blocks": [
                  "192.168.20.0/24",
                  "192.168.30.0/24",
                  "192.168.10.0/24"
                ],
                "v6_cidr_blocks": []
              }
            ],
            "folder_id": "b1g1qf6244mkqteiq6br",
            "id": "enpvu2jh3diuu48kcuf2",
            "ingress": [
              {
                "description": "ssh",
                "from_port": -1,
                "id": "enp53vddgfdqhu70365f",
                "labels": {},
                "port": 22,
                "predefined_target": "",
                "protocol": "TCP",
                "security_group_id": "",
                "to_port": -1,
                "v4_cidr_blocks": [
                  "192.168.10.250/32"
                ],
                "v6_cidr_blocks": []
              }
            ],
            "labels": {},
            "name": "internal-bastion-sg",
            "network_id": "enpv8rd8n6tpilkvtnmo",
            "status": "ACTIVE",
            "timeouts": null
          },
          "sensitive_attributes": [],
          "private": "eyJlMmJmYjczMC1lY2FhLTExZTYtOGY4OC0zNDM2M2JjN2M0YzAiOnsiY3JlYXRlIjoxODAwMDAwMDAwMDAsImRlbGV0ZSI6MTgwMDAwMDAwMDAwLCJ1cGRhdGUiOjE4MDAwMDAwMDAwMH19",
          "dependencies": [
            "yandex_vpc_network.network",
            "yandex_vpc_subnet.private-segment-a",
            "yandex_vpc_subnet.private-segment-b",
            "yandex_vpc_subnet.public-segment"
          ]
        }
      ]
    },
    {
      "mode": "managed",
      "type": "yandex_vpc_security_group",
      "name": "kibana-sg",
      "provider": "provider[\"registry.terraform.io/yandex-cloud/yandex\"]",
      "instances": [
        {
          "schema_version": 0,
          "attributes": {
            "created_at": "2023-05-08T13:56:24Z",
            "description": "",
            "egress": [
              {
                "description": "any",
                "from_port": -1,
                "id": "enps3ud4fckhohcmbe4n",
                "labels": {},
                "port": -1,
                "predefined_target": "",
                "protocol": "ANY",
                "security_group_id": "",
                "to_port": -1,
                "v4_cidr_blocks": [
                  "0.0.0.0/0"
                ],
                "v6_cidr_blocks": []
              }
            ],
            "folder_id": "b1g1qf6244mkqteiq6br",
            "id": "enpd7t8rjlha6ik4d41u",
            "ingress": [
              {
                "description": "kibana",
                "from_port": -1,
                "id": "enpqej9mdch17icc8914",
                "labels": {},
                "port": 5601,
                "predefined_target": "",
                "protocol": "TCP",
                "security_group_id": "",
                "to_port": -1,
                "v4_cidr_blocks": [
                  "0.0.0.0/0"
                ],
                "v6_cidr_blocks": []
              },
              {
                "description": "traffic from jump server",
                "from_port": -1,
                "id": "enp26olavc2hi2pigk0r",
                "labels": {},
                "port": 22,
                "predefined_target": "",
                "protocol": "TCP",
                "security_group_id": "enpvu2jh3diuu48kcuf2",
                "to_port": -1,
                "v4_cidr_blocks": [],
                "v6_cidr_blocks": []
              }
            ],
            "labels": {},
            "name": "kibana-sg",
            "network_id": "enpv8rd8n6tpilkvtnmo",
            "status": "ACTIVE",
            "timeouts": null
          },
          "sensitive_attributes": [],
          "private": "eyJlMmJmYjczMC1lY2FhLTExZTYtOGY4OC0zNDM2M2JjN2M0YzAiOnsiY3JlYXRlIjoxODAwMDAwMDAwMDAsImRlbGV0ZSI6MTgwMDAwMDAwMDAwLCJ1cGRhdGUiOjE4MDAwMDAwMDAwMH19",
          "dependencies": [
            "yandex_vpc_network.network",
            "yandex_vpc_security_group.internal-bastion-sg",
            "yandex_vpc_subnet.private-segment-a",
            "yandex_vpc_subnet.private-segment-b",
            "yandex_vpc_subnet.public-segment"
          ]
        }
      ]
    },
    {
      "mode": "managed",
      "type": "yandex_vpc_security_group",
      "name": "node-exporter-sg",
      "provider": "provider[\"registry.terraform.io/yandex-cloud/yandex\"]",
      "instances": [
        {
          "schema_version": 0,
          "attributes": {
            "created_at": "2023-05-08T13:56:29Z",
            "description": "",
            "egress": [
              {
                "description": "any",
                "from_port": -1,
                "id": "enpobnohftiir66okof9",
                "labels": {},
                "port": -1,
                "predefined_target": "",
                "protocol": "ANY",
                "security_group_id": "",
                "to_port": -1,
                "v4_cidr_blocks": [
                  "0.0.0.0/0"
                ],
                "v6_cidr_blocks": []
              }
            ],
            "folder_id": "b1g1qf6244mkqteiq6br",
            "id": "enp330ohsgf42k5k0b5f",
            "ingress": [
              {
                "description": "ext-http",
                "from_port": -1,
                "id": "enpk57vo0u3m0p136ldh",
                "labels": {},
                "port": 9100,
                "predefined_target": "",
                "protocol": "TCP",
                "security_group_id": "",
                "to_port": -1,
                "v4_cidr_blocks": [
                  "192.168.20.240/32"
                ],
                "v6_cidr_blocks": []
              },
              {
                "description": "ext-http",
                "from_port": -1,
                "id": "enpkmo5beaml0l43d3s2",
                "labels": {},
                "port": 4040,
                "predefined_target": "",
                "protocol": "TCP",
                "security_group_id": "",
                "to_port": -1,
                "v4_cidr_blocks": [
                  "192.168.20.240/32"
                ],
                "v6_cidr_blocks": []
              },
              {
                "description": "traffic from jump server",
                "from_port": -1,
                "id": "enp22s5sebmkqr0okv5s",
                "labels": {},
                "port": 22,
                "predefined_target": "",
                "protocol": "TCP",
                "security_group_id": "enpvu2jh3diuu48kcuf2",
                "to_port": -1,
                "v4_cidr_blocks": [],
                "v6_cidr_blocks": []
              }
            ],
            "labels": {},
            "name": "node-exporter-sg",
            "network_id": "enpv8rd8n6tpilkvtnmo",
            "status": "ACTIVE",
            "timeouts": null
          },
          "sensitive_attributes": [],
          "private": "eyJlMmJmYjczMC1lY2FhLTExZTYtOGY4OC0zNDM2M2JjN2M0YzAiOnsiY3JlYXRlIjoxODAwMDAwMDAwMDAsImRlbGV0ZSI6MTgwMDAwMDAwMDAwLCJ1cGRhdGUiOjE4MDAwMDAwMDAwMH19",
          "dependencies": [
            "yandex_vpc_network.network",
            "yandex_vpc_security_group.internal-bastion-sg",
            "yandex_vpc_subnet.private-segment-a",
            "yandex_vpc_subnet.private-segment-b",
            "yandex_vpc_subnet.public-segment"
          ]
        }
      ]
    },
    {
      "mode": "managed",
      "type": "yandex_vpc_security_group",
      "name": "prometheus-sg",
      "provider": "provider[\"registry.terraform.io/yandex-cloud/yandex\"]",
      "instances": [
        {
          "schema_version": 0,
          "attributes": {
            "created_at": "2023-05-08T13:56:25Z",
            "description": "",
            "egress": [
              {
                "description": "any",
                "from_port": -1,
                "id": "enpa7qnt1vtc8chthj8e",
                "labels": {},
                "port": -1,
                "predefined_target": "",
                "protocol": "ANY",
                "security_group_id": "",
                "to_port": -1,
                "v4_cidr_blocks": [
                  "0.0.0.0/0"
                ],
                "v6_cidr_blocks": []
              }
            ],
            "folder_id": "b1g1qf6244mkqteiq6br",
            "id": "enpbgcntko5mietelh5l",
            "ingress": [
              {
                "description": "ext-http",
                "from_port": -1,
                "id": "enpj06fj5hmoivm7dhb3",
                "labels": {},
                "port": 9090,
                "predefined_target": "",
                "protocol": "TCP",
                "security_group_id": "",
                "to_port": -1,
                "v4_cidr_blocks": [
                  "0.0.0.0/0"
                ],
                "v6_cidr_blocks": []
              },
              {
                "description": "traffic from jump server",
                "from_port": -1,
                "id": "enpernfbvvsc866p8i21",
                "labels": {},
                "port": 22,
                "predefined_target": "",
                "protocol": "TCP",
                "security_group_id": "enpvu2jh3diuu48kcuf2",
                "to_port": -1,
                "v4_cidr_blocks": [],
                "v6_cidr_blocks": []
              }
            ],
            "labels": {},
            "name": "prometheus-sg",
            "network_id": "enpv8rd8n6tpilkvtnmo",
            "status": "ACTIVE",
            "timeouts": null
          },
          "sensitive_attributes": [],
          "private": "eyJlMmJmYjczMC1lY2FhLTExZTYtOGY4OC0zNDM2M2JjN2M0YzAiOnsiY3JlYXRlIjoxODAwMDAwMDAwMDAsImRlbGV0ZSI6MTgwMDAwMDAwMDAwLCJ1cGRhdGUiOjE4MDAwMDAwMDAwMH19",
          "dependencies": [
            "yandex_vpc_network.network",
            "yandex_vpc_security_group.internal-bastion-sg",
            "yandex_vpc_subnet.private-segment-a",
            "yandex_vpc_subnet.private-segment-b",
            "yandex_vpc_subnet.public-segment"
          ]
        }
      ]
    },
    {
      "mode": "managed",
      "type": "yandex_vpc_security_group",
      "name": "secure-bastion-sg",
      "provider": "provider[\"registry.terraform.io/yandex-cloud/yandex\"]",
      "instances": [
        {
          "schema_version": 0,
          "attributes": {
            "created_at": "2023-05-08T13:56:30Z",
            "description": "",
            "egress": [],
            "folder_id": "b1g1qf6244mkqteiq6br",
            "id": "enpd0ma10t00bopguj96",
            "ingress": [
              {
                "description": "ssh",
                "from_port": -1,
                "id": "enpfjvl8uuitun84v72g",
                "labels": {},
                "port": 22,
                "predefined_target": "",
                "protocol": "TCP",
                "security_group_id": "",
                "to_port": -1,
                "v4_cidr_blocks": [
                  "0.0.0.0/0"
                ],
                "v6_cidr_blocks": []
              }
            ],
            "labels": {},
            "name": "secure-bastion-sg",
            "network_id": "enpv8rd8n6tpilkvtnmo",
            "status": "ACTIVE",
            "timeouts": null
          },
          "sensitive_attributes": [],
          "private": "eyJlMmJmYjczMC1lY2FhLTExZTYtOGY4OC0zNDM2M2JjN2M0YzAiOnsiY3JlYXRlIjoxODAwMDAwMDAwMDAsImRlbGV0ZSI6MTgwMDAwMDAwMDAwLCJ1cGRhdGUiOjE4MDAwMDAwMDAwMH19",
          "dependencies": [
            "yandex_vpc_network.network"
          ]
        }
      ]
    },
    {
      "mode": "managed",
      "type": "yandex_vpc_subnet",
      "name": "private-segment-a",
      "provider": "provider[\"registry.terraform.io/yandex-cloud/yandex\"]",
      "instances": [
        {
          "schema_version": 0,
          "attributes": {
            "created_at": "2023-05-08T13:56:24Z",
            "description": "",
            "dhcp_options": [],
            "folder_id": "b1g1qf6244mkqteiq6br",
            "id": "e9bkjs0vi74ntg0fq1d1",
            "labels": {},
            "name": "private-segment-a",
            "network_id": "enpv8rd8n6tpilkvtnmo",
            "route_table_id": "",
            "timeouts": null,
            "v4_cidr_blocks": [
              "192.168.20.0/24"
            ],
            "v6_cidr_blocks": [],
            "zone": "ru-central1-a"
          },
          "sensitive_attributes": [],
          "private": "eyJlMmJmYjczMC1lY2FhLTExZTYtOGY4OC0zNDM2M2JjN2M0YzAiOnsiY3JlYXRlIjoxODAwMDAwMDAwMDAsImRlbGV0ZSI6MTgwMDAwMDAwMDAwLCJ1cGRhdGUiOjE4MDAwMDAwMDAwMH19",
          "dependencies": [
            "yandex_vpc_network.network"
          ]
        }
      ]
    },
    {
      "mode": "managed",
      "type": "yandex_vpc_subnet",
      "name": "private-segment-b",
      "provider": "provider[\"registry.terraform.io/yandex-cloud/yandex\"]",
      "instances": [
        {
          "schema_version": 0,
          "attributes": {
            "created_at": "2023-05-08T13:56:22Z",
            "description": "",
            "dhcp_options": [],
            "folder_id": "b1g1qf6244mkqteiq6br",
            "id": "e2lj4ciqqliugnjk53bt",
            "labels": {},
            "name": "private-segment-b",
            "network_id": "enpv8rd8n6tpilkvtnmo",
            "route_table_id": "",
            "timeouts": null,
            "v4_cidr_blocks": [
              "192.168.30.0/24"
            ],
            "v6_cidr_blocks": [],
            "zone": "ru-central1-b"
          },
          "sensitive_attributes": [],
          "private": "eyJlMmJmYjczMC1lY2FhLTExZTYtOGY4OC0zNDM2M2JjN2M0YzAiOnsiY3JlYXRlIjoxODAwMDAwMDAwMDAsImRlbGV0ZSI6MTgwMDAwMDAwMDAwLCJ1cGRhdGUiOjE4MDAwMDAwMDAwMH19",
          "dependencies": [
            "yandex_vpc_network.network"
          ]
        }
      ]
    },
    {
      "mode": "managed",
      "type": "yandex_vpc_subnet",
      "name": "public-segment",
      "provider": "provider[\"registry.terraform.io/yandex-cloud/yandex\"]",
      "instances": [
        {
          "schema_version": 0,
          "attributes": {
            "created_at": "2023-05-08T13:56:23Z",
            "description": "",
            "dhcp_options": [],
            "folder_id": "b1g1qf6244mkqteiq6br",
            "id": "e9bhe2e6v8rtsmcct65j",
            "labels": {},
            "name": "public-segment",
            "network_id": "enpv8rd8n6tpilkvtnmo",
            "route_table_id": "",
            "timeouts": null,
            "v4_cidr_blocks": [
              "192.168.10.0/24"
            ],
            "v6_cidr_blocks": [],
            "zone": "ru-central1-a"
          },
          "sensitive_attributes": [],
          "private": "eyJlMmJmYjczMC1lY2FhLTExZTYtOGY4OC0zNDM2M2JjN2M0YzAiOnsiY3JlYXRlIjoxODAwMDAwMDAwMDAsImRlbGV0ZSI6MTgwMDAwMDAwMDAwLCJ1cGRhdGUiOjE4MDAwMDAwMDAwMH19",
          "dependencies": [
            "yandex_vpc_network.network"
          ]
        }
      ]
    }
  ],
  "check_results": null
}
